PODS:
  - PokemonAPI (6.0.2)
  - Realm (5.4.8):
    - Realm/Headers (= 5.4.8)
  - Realm/Headers (5.4.8)
  - RealmSwift (5.4.8):
    - Realm (= 5.4.8)

DEPENDENCIES:
  - PokemonAPI
  - RealmSwift

SPEC REPOS:
  trunk:
    - PokemonAPI
    - Realm
    - RealmSwift

SPEC CHECKSUMS:
  PokemonAPI: bff9656c1825288e7f028b415ce6276122ad4c6a
  Realm: 042bbb59227a0159eda397b8a5a49fbd67495ce7
  RealmSwift: 15ddd6b3398ebfc99810811c44f095df1313adb3

PODFILE CHECKSUM: 25f061be34db3d39208fec24373f2e4e0b2caff8

COCOAPODS: 1.9.3
