// !$*UTF8*$!
{
	archiveVersion = 1;
	classes = {
	};
	objectVersion = 51;
	objects = {

/* Begin PBXBuildFile section */
		06C38768BFB36892C64B3DE0 /* Pods_Pokedex.framework in Frameworks */ = {isa = PBXBuildFile; fileRef = D43CEFF7EC7D6AEC7685C9FD /* Pods_Pokedex.framework */; };
		32DC90044C201EA2A30BE9C3 /* DetailCellViewModel.swift in Sources */ = {isa = PBXBuildFile; fileRef = 32DC993B55049DA1CF867769 /* DetailCellViewModel.swift */; };
		32DC9072C4508104BDA11202 /* DBFactoryTests.swift in Sources */ = {isa = PBXBuildFile; fileRef = 32DC9167C745E005B361249D /* DBFactoryTests.swift */; };
		32DC90E5A2CA61DEF846CE7A /* PokemonList.swift in Sources */ = {isa = PBXBuildFile; fileRef = 32DC9B6775BB1657ECB66AF3 /* PokemonList.swift */; };
		32DC9128312AB309989A109F /* DetailCollectionViewFlowLayout.swift in Sources */ = {isa = PBXBuildFile; fileRef = 32DC9E2F285DC9373E7D5AD0 /* DetailCollectionViewFlowLayout.swift */; };
		32DC914895E01E76CB0BF40D /* RealmTestCase.swift in Sources */ = {isa = PBXBuildFile; fileRef = 32DC9DE5D2522C504DF86F2A /* RealmTestCase.swift */; };
		32DC91DF3EA2130124290BD2 /* DBPokemonCatcherTests.swift in Sources */ = {isa = PBXBuildFile; fileRef = 32DC967C1DA359F395D38184 /* DBPokemonCatcherTests.swift */; };
		32DC91F086A24C3F8E996D4E /* ViewModelsConverter.swift in Sources */ = {isa = PBXBuildFile; fileRef = 32DC97F07128693743F0814F /* ViewModelsConverter.swift */; };
		32DC920E6AE268F42BC9389F /* CollectionViewModelTests.swift in Sources */ = {isa = PBXBuildFile; fileRef = 32DC9E8C8B4527603E22CF57 /* CollectionViewModelTests.swift */; };
		32DC9333291401BF3770309F /* DummySpritesLoader.swift in Sources */ = {isa = PBXBuildFile; fileRef = 32DC9BFBECC4E1B44F81D08A /* DummySpritesLoader.swift */; };
		32DC93B96F9E8E5DDF3BDD99 /* SpritesDownloader.swift in Sources */ = {isa = PBXBuildFile; fileRef = 32DC984EC67778959022AFE4 /* SpritesDownloader.swift */; };
		32DC9426D77014501A2EDF63 /* DBPokemonSaver.swift in Sources */ = {isa = PBXBuildFile; fileRef = 32DC95791A231AFB30AF674C /* DBPokemonSaver.swift */; };
		32DC942A7CDCD59A7F6EB845 /* XCTestCase+AvailableVersion.swift in Sources */ = {isa = PBXBuildFile; fileRef = 32DC93B907692BA7544BE37A /* XCTestCase+AvailableVersion.swift */; };
		32DC94469BC027639EECB1D1 /* DBPokemonUpdater.swift in Sources */ = {isa = PBXBuildFile; fileRef = 32DC93C78CDAE4E1D4F812BE /* DBPokemonUpdater.swift */; };
		32DC94F7FFC0AF21FFA81F05 /* DBFactory.swift in Sources */ = {isa = PBXBuildFile; fileRef = 32DC9E50D32000F7A8D68AC7 /* DBFactory.swift */; };
		32DC951E26CB95CC5A0D235D /* DataFixture.swift in Sources */ = {isa = PBXBuildFile; fileRef = 32DC9D78E4C053FA5A647FC7 /* DataFixture.swift */; };
		32DC95617DFBA74976AAD6AE /* DetailCollectionViewFlowLayoutTests.swift in Sources */ = {isa = PBXBuildFile; fileRef = 32DC9DA5993696C083E2E8AB /* DetailCollectionViewFlowLayoutTests.swift */; };
		32DC9572C8C913AA9026FBF1 /* SpritesType.swift in Sources */ = {isa = PBXBuildFile; fileRef = 32DC9498B4B776E1D9C6BDD1 /* SpritesType.swift */; };
		32DC95750029F69AB867B2A4 /* PokemonCollectionViewControllerFactory.swift in Sources */ = {isa = PBXBuildFile; fileRef = 32DC9279B9CF991516E14908 /* PokemonCollectionViewControllerFactory.swift */; };
		32DC95C62A431ADA49806AC7 /* UIImage+Resource.swift in Sources */ = {isa = PBXBuildFile; fileRef = 32DC9E997AF417A8F21E27D1 /* UIImage+Resource.swift */; };
		32DC95DD38471E7F15BC2F8B /* DBEntities.swift in Sources */ = {isa = PBXBuildFile; fileRef = 32DC9E2BF4003002EDC8AB53 /* DBEntities.swift */; };
		32DC964B43EA517205A9AF14 /* RemotePokemonCatcher.swift in Sources */ = {isa = PBXBuildFile; fileRef = 32DC9040DBC4E66CF028DD77 /* RemotePokemonCatcher.swift */; };
		32DC96660F50F6A11C4B9656 /* DataDownloader.swift in Sources */ = {isa = PBXBuildFile; fileRef = 32DC9323168B2A134EB84C26 /* DataDownloader.swift */; };
		32DC966715EE4A6200D6E2E5 /* NSError+DummyError.swift in Sources */ = {isa = PBXBuildFile; fileRef = 32DC96EB9E3C73549076D68D /* NSError+DummyError.swift */; };
		32DC96D77C117BCB0190A525 /* ImageCollectionViewCell.swift in Sources */ = {isa = PBXBuildFile; fileRef = 32DC9C92B0053ADE1D136B43 /* ImageCollectionViewCell.swift */; };
		32DC96EC45360E7644FF6BDC /* DetailViewControllerTests.swift in Sources */ = {isa = PBXBuildFile; fileRef = 32DC91F1F28C9D2C18198B8B /* DetailViewControllerTests.swift */; };
		32DC98D2D2695B65A9EB9B22 /* DetailViewController.swift in Sources */ = {isa = PBXBuildFile; fileRef = 32DC91D924299B1ECB9825B6 /* DetailViewController.swift */; };
		32DC99C41A07BC59369C5081 /* PokemonCatcher.swift in Sources */ = {isa = PBXBuildFile; fileRef = 32DC9B5CA4B7E733AA6A5922 /* PokemonCatcher.swift */; };
		32DC99D3C66E8F0AB5407401 /* DummyDataDownloader.swift in Sources */ = {isa = PBXBuildFile; fileRef = 32DC9D9165F032D1E5A237C7 /* DummyDataDownloader.swift */; };
		32DC99D537DABF4D6841ADE3 /* RemoteDataDownloader.swift in Sources */ = {isa = PBXBuildFile; fileRef = 32DC9AF9BC7FC0226F1E6AEB /* RemoteDataDownloader.swift */; };
		32DC9A6803F2EB2AF9C98134 /* DBPokemonSaverTests.swift in Sources */ = {isa = PBXBuildFile; fileRef = 32DC919A456723CEABB05C81 /* DBPokemonSaverTests.swift */; };
		32DC9B6FE27FCC68167A57A0 /* ViewModelsConverterTests.swift in Sources */ = {isa = PBXBuildFile; fileRef = 32DC965D3CB0E3D973BE7492 /* ViewModelsConverterTests.swift */; };
		32DC9B8800C7A606824C7DC9 /* XCTestCase+DummyError.swift in Sources */ = {isa = PBXBuildFile; fileRef = 32DC93581896CF7A6630BF91 /* XCTestCase+DummyError.swift */; };
		32DC9BDB155E531B17373F90 /* DBPokemonCatcher.swift in Sources */ = {isa = PBXBuildFile; fileRef = 32DC92DE82E0A67C91D89FCA /* DBPokemonCatcher.swift */; };
		32DC9C0D5FBCEFB1E4D58860 /* PokemonCatcherSpy.swift in Sources */ = {isa = PBXBuildFile; fileRef = 32DC9017619428EE8F2EF9ED /* PokemonCatcherSpy.swift */; };
		32DC9C26758CC3AAC775083A /* CollectionViewModel.swift in Sources */ = {isa = PBXBuildFile; fileRef = 32DC918152327416F6F06D96 /* CollectionViewModel.swift */; };
		32DC9C5FDDA2AE196BE21EB5 /* UIAlertController+TapAction.swift in Sources */ = {isa = PBXBuildFile; fileRef = 32DC9F433792C186352B3C3D /* UIAlertController+TapAction.swift */; };
		32DC9CA2C97C00C12641FE92 /* DetailViewModel.swift in Sources */ = {isa = PBXBuildFile; fileRef = 32DC92C20417BB37F0B0C93E /* DetailViewModel.swift */; };
		32DC9D41DCB106EF5543F2ED /* DetailViewControllerFactory.swift in Sources */ = {isa = PBXBuildFile; fileRef = 32DC947FB7C8C7993F23BA07 /* DetailViewControllerFactory.swift */; };
		32DC9D4F4566B72586A74B25 /* SpritesLoader.swift in Sources */ = {isa = PBXBuildFile; fileRef = 32DC932B955F6276B8B18E0B /* SpritesLoader.swift */; };
		32DC9DB425C1C0E1BDDD8F2A /* DummyPokemonCatcher.swift in Sources */ = {isa = PBXBuildFile; fileRef = 32DC9C2377074B92181AA1E0 /* DummyPokemonCatcher.swift */; };
		32DC9E6B2EF16C443DA4135A /* XCTAssert+Sprites.swift in Sources */ = {isa = PBXBuildFile; fileRef = 32DC97B1A422E381E7BC9292 /* XCTAssert+Sprites.swift */; };
		32DC9E6DE1ED7C6BEAEC9FF8 /* ImageCollectionViewCellTests.swift in Sources */ = {isa = PBXBuildFile; fileRef = 32DC9060C9240BA9702593B2 /* ImageCollectionViewCellTests.swift */; };
		32DC9E8FC9D35D7CD94C3E92 /* PokemonFixtures.swift in Sources */ = {isa = PBXBuildFile; fileRef = 32DC938865BFA02DF8250B7F /* PokemonFixtures.swift */; };
		32DC9E9B6E4DE39530898979 /* CellViewModel.swift in Sources */ = {isa = PBXBuildFile; fileRef = 32DC9E5B52518D8776FA66F4 /* CellViewModel.swift */; };
		32DC9F131B968EDFC8D4D6AB /* Pokemon.swift in Sources */ = {isa = PBXBuildFile; fileRef = 32DC9AE8E50E566CB055B6E5 /* Pokemon.swift */; };
		A1597A882526FDBB0026BCD7 /* AppDelegate.swift in Sources */ = {isa = PBXBuildFile; fileRef = A1597A872526FDBB0026BCD7 /* AppDelegate.swift */; };
		A1597A8A2526FDBB0026BCD7 /* SceneDelegate.swift in Sources */ = {isa = PBXBuildFile; fileRef = A1597A892526FDBB0026BCD7 /* SceneDelegate.swift */; };
		A1597A912526FDBE0026BCD7 /* Assets.xcassets in Resources */ = {isa = PBXBuildFile; fileRef = A1597A902526FDBE0026BCD7 /* Assets.xcassets */; };
		A1597ACD252703180026BCD7 /* PokemonCollectionViewController.swift in Sources */ = {isa = PBXBuildFile; fileRef = A1597AC9252703180026BCD7 /* PokemonCollectionViewController.swift */; };
		A1597ACE252703180026BCD7 /* PokemonCollectionViewCell.swift in Sources */ = {isa = PBXBuildFile; fileRef = A1597ACA252703180026BCD7 /* PokemonCollectionViewCell.swift */; };
		A1597ACF252703180026BCD7 /* PokemonCollectionViewFlowLayout.swift in Sources */ = {isa = PBXBuildFile; fileRef = A1597ACB252703180026BCD7 /* PokemonCollectionViewFlowLayout.swift */; };
		A1597AD0252703180026BCD7 /* MainWindowFactory.swift in Sources */ = {isa = PBXBuildFile; fileRef = A1597ACC252703180026BCD7 /* MainWindowFactory.swift */; };
		A1597ADD252703360026BCD7 /* PokemonCollectionViewCellTests.swift in Sources */ = {isa = PBXBuildFile; fileRef = A1597AD9252703360026BCD7 /* PokemonCollectionViewCellTests.swift */; };
		A1597ADE252703360026BCD7 /* PokemonCollectionViewControllerTests.swift in Sources */ = {isa = PBXBuildFile; fileRef = A1597ADA252703360026BCD7 /* PokemonCollectionViewControllerTests.swift */; };
		A1597ADF252703360026BCD7 /* PokemonCollectionViewFlowLayoutTests.swift in Sources */ = {isa = PBXBuildFile; fileRef = A1597ADB252703360026BCD7 /* PokemonCollectionViewFlowLayoutTests.swift */; };
		A1597AE0252703360026BCD7 /* MainWindowFactoryTests.swift in Sources */ = {isa = PBXBuildFile; fileRef = A1597ADC252703360026BCD7 /* MainWindowFactoryTests.swift */; };
		A1597AE9252703DF0026BCD7 /* LaunchScreen.storyboard in Resources */ = {isa = PBXBuildFile; fileRef = A1597AE7252703DF0026BCD7 /* LaunchScreen.storyboard */; };
		A1F82BC9252DB9E400E060B1 /* DetailViewModelTests.swift in Sources */ = {isa = PBXBuildFile; fileRef = 32DC9FC9D664379E7E2A90E2 /* DetailViewModelTests.swift */; };
		A1F82BCD252DC01400E060B1 /* XCTest+ImageEqualToData.swift in Sources */ = {isa = PBXBuildFile; fileRef = A1F82BCC252DC01400E060B1 /* XCTest+ImageEqualToData.swift */; };
		AE946A7682A62FB21767837D /* Pods_PokedexTests.framework in Frameworks */ = {isa = PBXBuildFile; fileRef = 095B9584791F9AC750C6A2C9 /* Pods_PokedexTests.framework */; };
/* End PBXBuildFile section */

/* Begin PBXContainerItemProxy section */
		A1597A9B2526FDBF0026BCD7 /* PBXContainerItemProxy */ = {
			isa = PBXContainerItemProxy;
			containerPortal = A1597A7C2526FDBB0026BCD7 /* Project object */;
			proxyType = 1;
			remoteGlobalIDString = A1597A832526FDBB0026BCD7;
			remoteInfo = Pokedex;
		};
/* End PBXContainerItemProxy section */

/* Begin PBXFileReference section */
		095B9584791F9AC750C6A2C9 /* Pods_PokedexTests.framework */ = {isa = PBXFileReference; explicitFileType = wrapper.framework; includeInIndex = 0; path = Pods_PokedexTests.framework; sourceTree = BUILT_PRODUCTS_DIR; };
		32DC9017619428EE8F2EF9ED /* PokemonCatcherSpy.swift */ = {isa = PBXFileReference; fileEncoding = 4; lastKnownFileType = sourcecode.swift; path = PokemonCatcherSpy.swift; sourceTree = "<group>"; };
		32DC9040DBC4E66CF028DD77 /* RemotePokemonCatcher.swift */ = {isa = PBXFileReference; fileEncoding = 4; lastKnownFileType = sourcecode.swift; path = RemotePokemonCatcher.swift; sourceTree = "<group>"; };
		32DC9060C9240BA9702593B2 /* ImageCollectionViewCellTests.swift */ = {isa = PBXFileReference; fileEncoding = 4; lastKnownFileType = sourcecode.swift; path = ImageCollectionViewCellTests.swift; sourceTree = "<group>"; };
		32DC9167C745E005B361249D /* DBFactoryTests.swift */ = {isa = PBXFileReference; fileEncoding = 4; lastKnownFileType = sourcecode.swift; path = DBFactoryTests.swift; sourceTree = "<group>"; };
		32DC918152327416F6F06D96 /* CollectionViewModel.swift */ = {isa = PBXFileReference; fileEncoding = 4; lastKnownFileType = sourcecode.swift; path = CollectionViewModel.swift; sourceTree = "<group>"; };
		32DC919A456723CEABB05C81 /* DBPokemonSaverTests.swift */ = {isa = PBXFileReference; fileEncoding = 4; lastKnownFileType = sourcecode.swift; path = DBPokemonSaverTests.swift; sourceTree = "<group>"; };
		32DC91D924299B1ECB9825B6 /* DetailViewController.swift */ = {isa = PBXFileReference; fileEncoding = 4; lastKnownFileType = sourcecode.swift; path = DetailViewController.swift; sourceTree = "<group>"; };
		32DC91F1F28C9D2C18198B8B /* DetailViewControllerTests.swift */ = {isa = PBXFileReference; fileEncoding = 4; lastKnownFileType = sourcecode.swift; path = DetailViewControllerTests.swift; sourceTree = "<group>"; };
		32DC9279B9CF991516E14908 /* PokemonCollectionViewControllerFactory.swift */ = {isa = PBXFileReference; fileEncoding = 4; lastKnownFileType = sourcecode.swift; path = PokemonCollectionViewControllerFactory.swift; sourceTree = "<group>"; };
		32DC92C20417BB37F0B0C93E /* DetailViewModel.swift */ = {isa = PBXFileReference; fileEncoding = 4; lastKnownFileType = sourcecode.swift; path = DetailViewModel.swift; sourceTree = "<group>"; };
		32DC92DE82E0A67C91D89FCA /* DBPokemonCatcher.swift */ = {isa = PBXFileReference; fileEncoding = 4; lastKnownFileType = sourcecode.swift; path = DBPokemonCatcher.swift; sourceTree = "<group>"; };
		32DC9323168B2A134EB84C26 /* DataDownloader.swift */ = {isa = PBXFileReference; fileEncoding = 4; lastKnownFileType = sourcecode.swift; path = DataDownloader.swift; sourceTree = "<group>"; };
		32DC932B955F6276B8B18E0B /* SpritesLoader.swift */ = {isa = PBXFileReference; fileEncoding = 4; lastKnownFileType = sourcecode.swift; path = SpritesLoader.swift; sourceTree = "<group>"; };
		32DC93581896CF7A6630BF91 /* XCTestCase+DummyError.swift */ = {isa = PBXFileReference; fileEncoding = 4; lastKnownFileType = sourcecode.swift; path = "XCTestCase+DummyError.swift"; sourceTree = "<group>"; };
		32DC938865BFA02DF8250B7F /* PokemonFixtures.swift */ = {isa = PBXFileReference; fileEncoding = 4; lastKnownFileType = sourcecode.swift; path = PokemonFixtures.swift; sourceTree = "<group>"; };
		32DC93B907692BA7544BE37A /* XCTestCase+AvailableVersion.swift */ = {isa = PBXFileReference; fileEncoding = 4; lastKnownFileType = sourcecode.swift; path = "XCTestCase+AvailableVersion.swift"; sourceTree = "<group>"; };
		32DC93C78CDAE4E1D4F812BE /* DBPokemonUpdater.swift */ = {isa = PBXFileReference; fileEncoding = 4; lastKnownFileType = sourcecode.swift; path = DBPokemonUpdater.swift; sourceTree = "<group>"; };
		32DC947FB7C8C7993F23BA07 /* DetailViewControllerFactory.swift */ = {isa = PBXFileReference; fileEncoding = 4; lastKnownFileType = sourcecode.swift; path = DetailViewControllerFactory.swift; sourceTree = "<group>"; };
		32DC9498B4B776E1D9C6BDD1 /* SpritesType.swift */ = {isa = PBXFileReference; fileEncoding = 4; lastKnownFileType = sourcecode.swift; path = SpritesType.swift; sourceTree = "<group>"; };
		32DC95791A231AFB30AF674C /* DBPokemonSaver.swift */ = {isa = PBXFileReference; fileEncoding = 4; lastKnownFileType = sourcecode.swift; path = DBPokemonSaver.swift; sourceTree = "<group>"; };
		32DC965D3CB0E3D973BE7492 /* ViewModelsConverterTests.swift */ = {isa = PBXFileReference; fileEncoding = 4; lastKnownFileType = sourcecode.swift; path = ViewModelsConverterTests.swift; sourceTree = "<group>"; };
		32DC967C1DA359F395D38184 /* DBPokemonCatcherTests.swift */ = {isa = PBXFileReference; fileEncoding = 4; lastKnownFileType = sourcecode.swift; path = DBPokemonCatcherTests.swift; sourceTree = "<group>"; };
		32DC96EB9E3C73549076D68D /* NSError+DummyError.swift */ = {isa = PBXFileReference; fileEncoding = 4; lastKnownFileType = sourcecode.swift; path = "NSError+DummyError.swift"; sourceTree = "<group>"; };
		32DC97B1A422E381E7BC9292 /* XCTAssert+Sprites.swift */ = {isa = PBXFileReference; fileEncoding = 4; lastKnownFileType = sourcecode.swift; path = "XCTAssert+Sprites.swift"; sourceTree = "<group>"; };
		32DC97F07128693743F0814F /* ViewModelsConverter.swift */ = {isa = PBXFileReference; fileEncoding = 4; lastKnownFileType = sourcecode.swift; path = ViewModelsConverter.swift; sourceTree = "<group>"; };
		32DC984EC67778959022AFE4 /* SpritesDownloader.swift */ = {isa = PBXFileReference; fileEncoding = 4; lastKnownFileType = sourcecode.swift; path = SpritesDownloader.swift; sourceTree = "<group>"; };
		32DC993B55049DA1CF867769 /* DetailCellViewModel.swift */ = {isa = PBXFileReference; fileEncoding = 4; lastKnownFileType = sourcecode.swift; path = DetailCellViewModel.swift; sourceTree = "<group>"; };
		32DC9AE8E50E566CB055B6E5 /* Pokemon.swift */ = {isa = PBXFileReference; fileEncoding = 4; lastKnownFileType = sourcecode.swift; path = Pokemon.swift; sourceTree = "<group>"; };
		32DC9AF9BC7FC0226F1E6AEB /* RemoteDataDownloader.swift */ = {isa = PBXFileReference; fileEncoding = 4; lastKnownFileType = sourcecode.swift; path = RemoteDataDownloader.swift; sourceTree = "<group>"; };
		32DC9B5CA4B7E733AA6A5922 /* PokemonCatcher.swift */ = {isa = PBXFileReference; fileEncoding = 4; lastKnownFileType = sourcecode.swift; path = PokemonCatcher.swift; sourceTree = "<group>"; };
		32DC9B6775BB1657ECB66AF3 /* PokemonList.swift */ = {isa = PBXFileReference; fileEncoding = 4; lastKnownFileType = sourcecode.swift; path = PokemonList.swift; sourceTree = "<group>"; };
		32DC9BFBECC4E1B44F81D08A /* DummySpritesLoader.swift */ = {isa = PBXFileReference; fileEncoding = 4; lastKnownFileType = sourcecode.swift; path = DummySpritesLoader.swift; sourceTree = "<group>"; };
		32DC9C2377074B92181AA1E0 /* DummyPokemonCatcher.swift */ = {isa = PBXFileReference; fileEncoding = 4; lastKnownFileType = sourcecode.swift; path = DummyPokemonCatcher.swift; sourceTree = "<group>"; };
		32DC9C92B0053ADE1D136B43 /* ImageCollectionViewCell.swift */ = {isa = PBXFileReference; fileEncoding = 4; lastKnownFileType = sourcecode.swift; path = ImageCollectionViewCell.swift; sourceTree = "<group>"; };
		32DC9D78E4C053FA5A647FC7 /* DataFixture.swift */ = {isa = PBXFileReference; fileEncoding = 4; lastKnownFileType = sourcecode.swift; path = DataFixture.swift; sourceTree = "<group>"; };
		32DC9D9165F032D1E5A237C7 /* DummyDataDownloader.swift */ = {isa = PBXFileReference; fileEncoding = 4; lastKnownFileType = sourcecode.swift; path = DummyDataDownloader.swift; sourceTree = "<group>"; };
		32DC9DA5993696C083E2E8AB /* DetailCollectionViewFlowLayoutTests.swift */ = {isa = PBXFileReference; fileEncoding = 4; lastKnownFileType = sourcecode.swift; path = DetailCollectionViewFlowLayoutTests.swift; sourceTree = "<group>"; };
		32DC9DE5D2522C504DF86F2A /* RealmTestCase.swift */ = {isa = PBXFileReference; fileEncoding = 4; lastKnownFileType = sourcecode.swift; path = RealmTestCase.swift; sourceTree = "<group>"; };
		32DC9E2BF4003002EDC8AB53 /* DBEntities.swift */ = {isa = PBXFileReference; fileEncoding = 4; lastKnownFileType = sourcecode.swift; path = DBEntities.swift; sourceTree = "<group>"; };
		32DC9E2F285DC9373E7D5AD0 /* DetailCollectionViewFlowLayout.swift */ = {isa = PBXFileReference; fileEncoding = 4; lastKnownFileType = sourcecode.swift; path = DetailCollectionViewFlowLayout.swift; sourceTree = "<group>"; };
		32DC9E50D32000F7A8D68AC7 /* DBFactory.swift */ = {isa = PBXFileReference; fileEncoding = 4; lastKnownFileType = sourcecode.swift; path = DBFactory.swift; sourceTree = "<group>"; };
		32DC9E5B52518D8776FA66F4 /* CellViewModel.swift */ = {isa = PBXFileReference; fileEncoding = 4; lastKnownFileType = sourcecode.swift; path = CellViewModel.swift; sourceTree = "<group>"; };
		32DC9E8C8B4527603E22CF57 /* CollectionViewModelTests.swift */ = {isa = PBXFileReference; fileEncoding = 4; lastKnownFileType = sourcecode.swift; path = CollectionViewModelTests.swift; sourceTree = "<group>"; };
		32DC9E997AF417A8F21E27D1 /* UIImage+Resource.swift */ = {isa = PBXFileReference; fileEncoding = 4; lastKnownFileType = sourcecode.swift; path = "UIImage+Resource.swift"; sourceTree = "<group>"; };
		32DC9F433792C186352B3C3D /* UIAlertController+TapAction.swift */ = {isa = PBXFileReference; fileEncoding = 4; lastKnownFileType = sourcecode.swift; path = "UIAlertController+TapAction.swift"; sourceTree = "<group>"; };
		32DC9FC9D664379E7E2A90E2 /* DetailViewModelTests.swift */ = {isa = PBXFileReference; fileEncoding = 4; lastKnownFileType = sourcecode.swift; path = DetailViewModelTests.swift; sourceTree = "<group>"; };
		4724AC0F08EA749F84B34AAE /* Pods-Pokedex.release.xcconfig */ = {isa = PBXFileReference; includeInIndex = 1; lastKnownFileType = text.xcconfig; name = "Pods-Pokedex.release.xcconfig"; path = "Target Support Files/Pods-Pokedex/Pods-Pokedex.release.xcconfig"; sourceTree = "<group>"; };
		54BF42F65E08ED1891F66E47 /* Pods-PokedexTests.debug.xcconfig */ = {isa = PBXFileReference; includeInIndex = 1; lastKnownFileType = text.xcconfig; name = "Pods-PokedexTests.debug.xcconfig"; path = "Target Support Files/Pods-PokedexTests/Pods-PokedexTests.debug.xcconfig"; sourceTree = "<group>"; };
		67FA8486DF031185A1BCF93D /* Pods-PokedexTests.release.xcconfig */ = {isa = PBXFileReference; includeInIndex = 1; lastKnownFileType = text.xcconfig; name = "Pods-PokedexTests.release.xcconfig"; path = "Target Support Files/Pods-PokedexTests/Pods-PokedexTests.release.xcconfig"; sourceTree = "<group>"; };
		989255653DB88A2990E0F92D /* Pods-Pokedex.debug.xcconfig */ = {isa = PBXFileReference; includeInIndex = 1; lastKnownFileType = text.xcconfig; name = "Pods-Pokedex.debug.xcconfig"; path = "Target Support Files/Pods-Pokedex/Pods-Pokedex.debug.xcconfig"; sourceTree = "<group>"; };
		A1597A842526FDBB0026BCD7 /* Pokedex.app */ = {isa = PBXFileReference; explicitFileType = wrapper.application; includeInIndex = 0; path = Pokedex.app; sourceTree = BUILT_PRODUCTS_DIR; };
		A1597A872526FDBB0026BCD7 /* AppDelegate.swift */ = {isa = PBXFileReference; lastKnownFileType = sourcecode.swift; path = AppDelegate.swift; sourceTree = "<group>"; };
		A1597A892526FDBB0026BCD7 /* SceneDelegate.swift */ = {isa = PBXFileReference; lastKnownFileType = sourcecode.swift; path = SceneDelegate.swift; sourceTree = "<group>"; };
		A1597A902526FDBE0026BCD7 /* Assets.xcassets */ = {isa = PBXFileReference; lastKnownFileType = folder.assetcatalog; path = Assets.xcassets; sourceTree = "<group>"; };
		A1597A952526FDBE0026BCD7 /* Info.plist */ = {isa = PBXFileReference; lastKnownFileType = text.plist.xml; path = Info.plist; sourceTree = "<group>"; };
		A1597A9A2526FDBF0026BCD7 /* PokedexTests.xctest */ = {isa = PBXFileReference; explicitFileType = wrapper.cfbundle; includeInIndex = 0; path = PokedexTests.xctest; sourceTree = BUILT_PRODUCTS_DIR; };
		A1597AA02526FDBF0026BCD7 /* Info.plist */ = {isa = PBXFileReference; lastKnownFileType = text.plist.xml; path = Info.plist; sourceTree = "<group>"; };
		A1597AC9252703180026BCD7 /* PokemonCollectionViewController.swift */ = {isa = PBXFileReference; fileEncoding = 4; lastKnownFileType = sourcecode.swift; path = PokemonCollectionViewController.swift; sourceTree = "<group>"; };
		A1597ACA252703180026BCD7 /* PokemonCollectionViewCell.swift */ = {isa = PBXFileReference; fileEncoding = 4; lastKnownFileType = sourcecode.swift; path = PokemonCollectionViewCell.swift; sourceTree = "<group>"; };
		A1597ACB252703180026BCD7 /* PokemonCollectionViewFlowLayout.swift */ = {isa = PBXFileReference; fileEncoding = 4; lastKnownFileType = sourcecode.swift; path = PokemonCollectionViewFlowLayout.swift; sourceTree = "<group>"; };
		A1597ACC252703180026BCD7 /* MainWindowFactory.swift */ = {isa = PBXFileReference; fileEncoding = 4; lastKnownFileType = sourcecode.swift; path = MainWindowFactory.swift; sourceTree = "<group>"; };
		A1597AD9252703360026BCD7 /* PokemonCollectionViewCellTests.swift */ = {isa = PBXFileReference; fileEncoding = 4; lastKnownFileType = sourcecode.swift; path = PokemonCollectionViewCellTests.swift; sourceTree = "<group>"; };
		A1597ADA252703360026BCD7 /* PokemonCollectionViewControllerTests.swift */ = {isa = PBXFileReference; fileEncoding = 4; lastKnownFileType = sourcecode.swift; path = PokemonCollectionViewControllerTests.swift; sourceTree = "<group>"; };
		A1597ADB252703360026BCD7 /* PokemonCollectionViewFlowLayoutTests.swift */ = {isa = PBXFileReference; fileEncoding = 4; lastKnownFileType = sourcecode.swift; path = PokemonCollectionViewFlowLayoutTests.swift; sourceTree = "<group>"; };
		A1597ADC252703360026BCD7 /* MainWindowFactoryTests.swift */ = {isa = PBXFileReference; fileEncoding = 4; lastKnownFileType = sourcecode.swift; path = MainWindowFactoryTests.swift; sourceTree = "<group>"; };
		A1597AE8252703DF0026BCD7 /* Base */ = {isa = PBXFileReference; lastKnownFileType = file.storyboard; name = Base; path = Pokedex/Base.lproj/LaunchScreen.storyboard; sourceTree = "<group>"; };
		A1F82BCC252DC01400E060B1 /* XCTest+ImageEqualToData.swift */ = {isa = PBXFileReference; lastKnownFileType = sourcecode.swift; path = "XCTest+ImageEqualToData.swift"; sourceTree = "<group>"; };
		D43CEFF7EC7D6AEC7685C9FD /* Pods_Pokedex.framework */ = {isa = PBXFileReference; explicitFileType = wrapper.framework; includeInIndex = 0; path = Pods_Pokedex.framework; sourceTree = BUILT_PRODUCTS_DIR; };
/* End PBXFileReference section */

/* Begin PBXFrameworksBuildPhase section */
		A1597A812526FDBB0026BCD7 /* Frameworks */ = {
			isa = PBXFrameworksBuildPhase;
			buildActionMask = 2147483647;
			files = (
				06C38768BFB36892C64B3DE0 /* Pods_Pokedex.framework in Frameworks */,
			);
			runOnlyForDeploymentPostprocessing = 0;
		};
		A1597A972526FDBF0026BCD7 /* Frameworks */ = {
			isa = PBXFrameworksBuildPhase;
			buildActionMask = 2147483647;
			files = (
				AE946A7682A62FB21767837D /* Pods_PokedexTests.framework in Frameworks */,
			);
			runOnlyForDeploymentPostprocessing = 0;
		};
/* End PBXFrameworksBuildPhase section */

/* Begin PBXGroup section */
		02BF030CD19DB624D0048FC7 /* Frameworks */ = {
			isa = PBXGroup;
			children = (
				D43CEFF7EC7D6AEC7685C9FD /* Pods_Pokedex.framework */,
				095B9584791F9AC750C6A2C9 /* Pods_PokedexTests.framework */,
			);
			name = Frameworks;
			sourceTree = "<group>";
		};
		32DC90DCBC1B3C8457724344 /* ViewModels */ = {
			isa = PBXGroup;
			children = (
				32DC9ED9D3B021A7E1571BEF /* Collection */,
				32DC985061324B4ADDBF98CA /* Detail */,
			);
			path = ViewModels;
			sourceTree = "<group>";
		};
		32DC9139E68CDE629A52D55C /* Converters */ = {
			isa = PBXGroup;
			children = (
				32DC965D3CB0E3D973BE7492 /* ViewModelsConverterTests.swift */,
			);
			path = Converters;
			sourceTree = "<group>";
		};
		32DC91B22A789FEFB0D1C6EB /* Detail */ = {
			isa = PBXGroup;
			children = (
				32DC92C20417BB37F0B0C93E /* DetailViewModel.swift */,
				32DC993B55049DA1CF867769 /* DetailCellViewModel.swift */,
			);
			path = Detail;
			sourceTree = "<group>";
		};
		32DC92093F79B282A59C4832 /* ViewModels */ = {
			isa = PBXGroup;
			children = (
				32DC9E313F49441CB762A6D7 /* Collection */,
				32DC91B22A789FEFB0D1C6EB /* Detail */,
			);
			path = ViewModels;
			sourceTree = "<group>";
		};
		32DC944729EB9A59305B7EDC /* Testing */ = {
			isa = PBXGroup;
			children = (
				32DC9B9809EE1D2F84BEF688 /* Fixtures */,
				32DC9D190135CA352B5D0B2B /* Doubles */,
				32DC9E1EB31677B3052D0796 /* Asserts */,
			);
			path = Testing;
			sourceTree = "<group>";
		};
		32DC95A1A8F3424B517E5608 /* Downloader */ = {
			isa = PBXGroup;
			children = (
				32DC9323168B2A134EB84C26 /* DataDownloader.swift */,
				32DC9AF9BC7FC0226F1E6AEB /* RemoteDataDownloader.swift */,
			);
			path = Downloader;
			sourceTree = "<group>";
		};
		32DC96AB6218C4FCF0C8F0EF /* Converters */ = {
			isa = PBXGroup;
			children = (
				32DC97F07128693743F0814F /* ViewModelsConverter.swift */,
			);
			path = Converters;
			sourceTree = "<group>";
		};
		32DC97EB2BFA1AE678B220A9 /* Detail */ = {
			isa = PBXGroup;
			children = (
				32DC91F1F28C9D2C18198B8B /* DetailViewControllerTests.swift */,
				32DC9DA5993696C083E2E8AB /* DetailCollectionViewFlowLayoutTests.swift */,
				32DC9060C9240BA9702593B2 /* ImageCollectionViewCellTests.swift */,
			);
			path = Detail;
			sourceTree = "<group>";
		};
		32DC982D5B1C981510E8CA0A /* Detail */ = {
			isa = PBXGroup;
			children = (
				32DC91D924299B1ECB9825B6 /* DetailViewController.swift */,
				32DC9E2F285DC9373E7D5AD0 /* DetailCollectionViewFlowLayout.swift */,
				32DC9C92B0053ADE1D136B43 /* ImageCollectionViewCell.swift */,
				32DC947FB7C8C7993F23BA07 /* DetailViewControllerFactory.swift */,
			);
			path = Detail;
			sourceTree = "<group>";
		};
		32DC985061324B4ADDBF98CA /* Detail */ = {
			isa = PBXGroup;
			children = (
				32DC9FC9D664379E7E2A90E2 /* DetailViewModelTests.swift */,
			);
			path = Detail;
			sourceTree = "<group>";
		};
		32DC98714FD31557B12969A6 /* Catcher */ = {
			isa = PBXGroup;
			children = (
				32DC92DE82E0A67C91D89FCA /* DBPokemonCatcher.swift */,
				32DC9B5CA4B7E733AA6A5922 /* PokemonCatcher.swift */,
				32DC9040DBC4E66CF028DD77 /* RemotePokemonCatcher.swift */,
			);
			path = Catcher;
			sourceTree = "<group>";
		};
		32DC9974D154691FC2F7E99F /* DBEntities */ = {
			isa = PBXGroup;
			children = (
				32DC9E2BF4003002EDC8AB53 /* DBEntities.swift */,
			);
			path = DBEntities;
			sourceTree = "<group>";
		};
		32DC9B9809EE1D2F84BEF688 /* Fixtures */ = {
			isa = PBXGroup;
			children = (
				32DC9D78E4C053FA5A647FC7 /* DataFixture.swift */,
				32DC938865BFA02DF8250B7F /* PokemonFixtures.swift */,
			);
			path = Fixtures;
			sourceTree = "<group>";
		};
		32DC9BE385B3F288DBEFDCF4 /* Helpers */ = {
			isa = PBXGroup;
			children = (
				32DC9F433792C186352B3C3D /* UIAlertController+TapAction.swift */,
				32DC93581896CF7A6630BF91 /* XCTestCase+DummyError.swift */,
				32DC96EB9E3C73549076D68D /* NSError+DummyError.swift */,
				32DC9E997AF417A8F21E27D1 /* UIImage+Resource.swift */,
				32DC9DE5D2522C504DF86F2A /* RealmTestCase.swift */,
				32DC93B907692BA7544BE37A /* XCTestCase+AvailableVersion.swift */,
				A1F82BCC252DC01400E060B1 /* XCTest+ImageEqualToData.swift */,
			);
			path = Helpers;
			sourceTree = "<group>";
		};
		32DC9CD325D07785F74C0AF0 /* Model */ = {
			isa = PBXGroup;
			children = (
				32DC9AE8E50E566CB055B6E5 /* Pokemon.swift */,
				32DC9B6775BB1657ECB66AF3 /* PokemonList.swift */,
			);
			path = Model;
			sourceTree = "<group>";
		};
		32DC9D06D41695C4AF612FA7 /* Services */ = {
			isa = PBXGroup;
			children = (
				32DC98714FD31557B12969A6 /* Catcher */,
				32DC95791A231AFB30AF674C /* DBPokemonSaver.swift */,
				32DC9974D154691FC2F7E99F /* DBEntities */,
				32DC9E50D32000F7A8D68AC7 /* DBFactory.swift */,
				32DC95A1A8F3424B517E5608 /* Downloader */,
				32DC93C78CDAE4E1D4F812BE /* DBPokemonUpdater.swift */,
				32DC9498B4B776E1D9C6BDD1 /* SpritesType.swift */,
				32DC9DD2AF32A2ED23D961F3 /* Loader */,
			);
			path = Services;
			sourceTree = "<group>";
		};
		32DC9D190135CA352B5D0B2B /* Doubles */ = {
			isa = PBXGroup;
			children = (
				32DC9D9165F032D1E5A237C7 /* DummyDataDownloader.swift */,
				32DC9C2377074B92181AA1E0 /* DummyPokemonCatcher.swift */,
				32DC9017619428EE8F2EF9ED /* PokemonCatcherSpy.swift */,
				32DC9BFBECC4E1B44F81D08A /* DummySpritesLoader.swift */,
			);
			path = Doubles;
			sourceTree = "<group>";
		};
		32DC9DD2AF32A2ED23D961F3 /* Loader */ = {
			isa = PBXGroup;
			children = (
				32DC932B955F6276B8B18E0B /* SpritesLoader.swift */,
				32DC984EC67778959022AFE4 /* SpritesDownloader.swift */,
			);
			path = Loader;
			sourceTree = "<group>";
		};
		32DC9E1EB31677B3052D0796 /* Asserts */ = {
			isa = PBXGroup;
			children = (
				32DC97B1A422E381E7BC9292 /* XCTAssert+Sprites.swift */,
			);
			path = Asserts;
			sourceTree = "<group>";
		};
		32DC9E313F49441CB762A6D7 /* Collection */ = {
			isa = PBXGroup;
			children = (
				32DC9E5B52518D8776FA66F4 /* CellViewModel.swift */,
				32DC918152327416F6F06D96 /* CollectionViewModel.swift */,
			);
			path = Collection;
			sourceTree = "<group>";
		};
		32DC9E8785B7CCDE6B995C6A /* Catcher */ = {
			isa = PBXGroup;
			children = (
				32DC967C1DA359F395D38184 /* DBPokemonCatcherTests.swift */,
			);
			path = Catcher;
			sourceTree = "<group>";
		};
		32DC9ED9D3B021A7E1571BEF /* Collection */ = {
			isa = PBXGroup;
			children = (
				32DC9E8C8B4527603E22CF57 /* CollectionViewModelTests.swift */,
			);
			path = Collection;
			sourceTree = "<group>";
		};
		32DC9F9B9E0E6CB4A0B2064E /* Services */ = {
			isa = PBXGroup;
			children = (
				32DC9E8785B7CCDE6B995C6A /* Catcher */,
				32DC919A456723CEABB05C81 /* DBPokemonSaverTests.swift */,
				32DC9167C745E005B361249D /* DBFactoryTests.swift */,
			);
			path = Services;
			sourceTree = "<group>";
		};
		A1597A7B2526FDBB0026BCD7 = {
			isa = PBXGroup;
			children = (
				A1597A862526FDBB0026BCD7 /* Pokedex */,
				A1597A9D2526FDBF0026BCD7 /* PokedexTests */,
				A1597A852526FDBB0026BCD7 /* Products */,
				DC3F37173B4BAFFF1C99577C /* Pods */,
				02BF030CD19DB624D0048FC7 /* Frameworks */,
			);
			sourceTree = "<group>";
		};
		A1597A852526FDBB0026BCD7 /* Products */ = {
			isa = PBXGroup;
			children = (
				A1597A842526FDBB0026BCD7 /* Pokedex.app */,
				A1597A9A2526FDBF0026BCD7 /* PokedexTests.xctest */,
			);
			name = Products;
			sourceTree = "<group>";
		};
		A1597A862526FDBB0026BCD7 /* Pokedex */ = {
			isa = PBXGroup;
			children = (
				A1597AE7252703DF0026BCD7 /* LaunchScreen.storyboard */,
				A1597AC7252703180026BCD7 /* UIKit */,
				A1597A872526FDBB0026BCD7 /* AppDelegate.swift */,
				A1597A892526FDBB0026BCD7 /* SceneDelegate.swift */,
				A1597A902526FDBE0026BCD7 /* Assets.xcassets */,
				A1597A952526FDBE0026BCD7 /* Info.plist */,
				32DC92093F79B282A59C4832 /* ViewModels */,
				32DC9D06D41695C4AF612FA7 /* Services */,
				32DC9CD325D07785F74C0AF0 /* Model */,
				32DC96AB6218C4FCF0C8F0EF /* Converters */,
			);
			path = Pokedex;
			sourceTree = "<group>";
		};
		A1597A9D2526FDBF0026BCD7 /* PokedexTests */ = {
			isa = PBXGroup;
			children = (
				A1597AD7252703360026BCD7 /* UIKit */,
				A1597AA02526FDBF0026BCD7 /* Info.plist */,
				32DC9BE385B3F288DBEFDCF4 /* Helpers */,
				32DC90DCBC1B3C8457724344 /* ViewModels */,
				32DC944729EB9A59305B7EDC /* Testing */,
				32DC9F9B9E0E6CB4A0B2064E /* Services */,
				32DC9139E68CDE629A52D55C /* Converters */,
			);
			path = PokedexTests;
			sourceTree = "<group>";
		};
		A1597AC7252703180026BCD7 /* UIKit */ = {
			isa = PBXGroup;
			children = (
				A1597AC8252703180026BCD7 /* Collection */,
				A1597ACC252703180026BCD7 /* MainWindowFactory.swift */,
				32DC982D5B1C981510E8CA0A /* Detail */,
			);
			path = UIKit;
			sourceTree = "<group>";
		};
		A1597AC8252703180026BCD7 /* Collection */ = {
			isa = PBXGroup;
			children = (
				A1597AC9252703180026BCD7 /* PokemonCollectionViewController.swift */,
				A1597ACA252703180026BCD7 /* PokemonCollectionViewCell.swift */,
				A1597ACB252703180026BCD7 /* PokemonCollectionViewFlowLayout.swift */,
				32DC9279B9CF991516E14908 /* PokemonCollectionViewControllerFactory.swift */,
			);
			path = Collection;
			sourceTree = "<group>";
		};
		A1597AD7252703360026BCD7 /* UIKit */ = {
			isa = PBXGroup;
			children = (
				A1597AD8252703360026BCD7 /* Collection */,
				A1597ADC252703360026BCD7 /* MainWindowFactoryTests.swift */,
				32DC97EB2BFA1AE678B220A9 /* Detail */,
			);
			path = UIKit;
			sourceTree = "<group>";
		};
		A1597AD8252703360026BCD7 /* Collection */ = {
			isa = PBXGroup;
			children = (
				A1597AD9252703360026BCD7 /* PokemonCollectionViewCellTests.swift */,
				A1597ADA252703360026BCD7 /* PokemonCollectionViewControllerTests.swift */,
				A1597ADB252703360026BCD7 /* PokemonCollectionViewFlowLayoutTests.swift */,
			);
			path = Collection;
			sourceTree = "<group>";
		};
		DC3F37173B4BAFFF1C99577C /* Pods */ = {
			isa = PBXGroup;
			children = (
				989255653DB88A2990E0F92D /* Pods-Pokedex.debug.xcconfig */,
				4724AC0F08EA749F84B34AAE /* Pods-Pokedex.release.xcconfig */,
				54BF42F65E08ED1891F66E47 /* Pods-PokedexTests.debug.xcconfig */,
				67FA8486DF031185A1BCF93D /* Pods-PokedexTests.release.xcconfig */,
			);
			path = Pods;
			sourceTree = "<group>";
		};
/* End PBXGroup section */

/* Begin PBXNativeTarget section */
		A1597A832526FDBB0026BCD7 /* Pokedex */ = {
			isa = PBXNativeTarget;
			buildConfigurationList = A1597AAE2526FDBF0026BCD7 /* Build configuration list for PBXNativeTarget "Pokedex" */;
			buildPhases = (
				64C541C27CC338757963F765 /* [CP] Check Pods Manifest.lock */,
				A1597A802526FDBB0026BCD7 /* Sources */,
				A1597A812526FDBB0026BCD7 /* Frameworks */,
				A1597A822526FDBB0026BCD7 /* Resources */,
				7D760E86836717F8C361151A /* [CP] Embed Pods Frameworks */,
			);
			buildRules = (
			);
			dependencies = (
			);
			name = Pokedex;
			productName = Pokedex;
			productReference = A1597A842526FDBB0026BCD7 /* Pokedex.app */;
			productType = "com.apple.product-type.application";
		};
		A1597A992526FDBF0026BCD7 /* PokedexTests */ = {
			isa = PBXNativeTarget;
			buildConfigurationList = A1597AB12526FDBF0026BCD7 /* Build configuration list for PBXNativeTarget "PokedexTests" */;
			buildPhases = (
				13ED027D81C1153CB4129FD4 /* [CP] Check Pods Manifest.lock */,
				A1597A962526FDBF0026BCD7 /* Sources */,
				A1597A972526FDBF0026BCD7 /* Frameworks */,
				A1597A982526FDBF0026BCD7 /* Resources */,
				B6F9FF81C3259110B4B7DAD6 /* [CP] Embed Pods Frameworks */,
			);
			buildRules = (
			);
			dependencies = (
				A1597A9C2526FDBF0026BCD7 /* PBXTargetDependency */,
			);
			name = PokedexTests;
			productName = PokedexTests;
			productReference = A1597A9A2526FDBF0026BCD7 /* PokedexTests.xctest */;
			productType = "com.apple.product-type.bundle.unit-test";
		};
/* End PBXNativeTarget section */

/* Begin PBXProject section */
		A1597A7C2526FDBB0026BCD7 /* Project object */ = {
			isa = PBXProject;
			attributes = {
				LastSwiftUpdateCheck = 1200;
				LastUpgradeCheck = 1200;
				TargetAttributes = {
					A1597A832526FDBB0026BCD7 = {
						CreatedOnToolsVersion = 12.0.1;
					};
					A1597A992526FDBF0026BCD7 = {
						CreatedOnToolsVersion = 12.0.1;
						TestTargetID = A1597A832526FDBB0026BCD7;
					};
				};
			};
			buildConfigurationList = A1597A7F2526FDBB0026BCD7 /* Build configuration list for PBXProject "Pokedex" */;
			compatibilityVersion = "Xcode 9.3";
			developmentRegion = en;
			hasScannedForEncodings = 0;
			knownRegions = (
				en,
				Base,
			);
			mainGroup = A1597A7B2526FDBB0026BCD7;
			productRefGroup = A1597A852526FDBB0026BCD7 /* Products */;
			projectDirPath = "";
			projectRoot = "";
			targets = (
				A1597A832526FDBB0026BCD7 /* Pokedex */,
				A1597A992526FDBF0026BCD7 /* PokedexTests */,
			);
		};
/* End PBXProject section */

/* Begin PBXResourcesBuildPhase section */
		A1597A822526FDBB0026BCD7 /* Resources */ = {
			isa = PBXResourcesBuildPhase;
			buildActionMask = 2147483647;
			files = (
				A1597A912526FDBE0026BCD7 /* Assets.xcassets in Resources */,
				A1597AE9252703DF0026BCD7 /* LaunchScreen.storyboard in Resources */,
			);
			runOnlyForDeploymentPostprocessing = 0;
		};
		A1597A982526FDBF0026BCD7 /* Resources */ = {
			isa = PBXResourcesBuildPhase;
			buildActionMask = 2147483647;
			files = (
			);
			runOnlyForDeploymentPostprocessing = 0;
		};
/* End PBXResourcesBuildPhase section */

/* Begin PBXShellScriptBuildPhase section */
		13ED027D81C1153CB4129FD4 /* [CP] Check Pods Manifest.lock */ = {
			isa = PBXShellScriptBuildPhase;
			buildActionMask = 2147483647;
			files = (
			);
			inputFileListPaths = (
			);
			inputPaths = (
				"${PODS_PODFILE_DIR_PATH}/Podfile.lock",
				"${PODS_ROOT}/Manifest.lock",
			);
			name = "[CP] Check Pods Manifest.lock";
			outputFileListPaths = (
			);
			outputPaths = (
				"$(DERIVED_FILE_DIR)/Pods-PokedexTests-checkManifestLockResult.txt",
			);
			runOnlyForDeploymentPostprocessing = 0;
			shellPath = /bin/sh;
			shellScript = "diff \"${PODS_PODFILE_DIR_PATH}/Podfile.lock\" \"${PODS_ROOT}/Manifest.lock\" > /dev/null\nif [ $? != 0 ] ; then\n    # print error to STDERR\n    echo \"error: The sandbox is not in sync with the Podfile.lock. Run 'pod install' or update your CocoaPods installation.\" >&2\n    exit 1\nfi\n# This output is used by Xcode 'outputs' to avoid re-running this script phase.\necho \"SUCCESS\" > \"${SCRIPT_OUTPUT_FILE_0}\"\n";
			showEnvVarsInLog = 0;
		};
		64C541C27CC338757963F765 /* [CP] Check Pods Manifest.lock */ = {
			isa = PBXShellScriptBuildPhase;
			buildActionMask = 2147483647;
			files = (
			);
			inputFileListPaths = (
			);
			inputPaths = (
				"${PODS_PODFILE_DIR_PATH}/Podfile.lock",
				"${PODS_ROOT}/Manifest.lock",
			);
			name = "[CP] Check Pods Manifest.lock";
			outputFileListPaths = (
			);
			outputPaths = (
				"$(DERIVED_FILE_DIR)/Pods-Pokedex-checkManifestLockResult.txt",
			);
			runOnlyForDeploymentPostprocessing = 0;
			shellPath = /bin/sh;
			shellScript = "diff \"${PODS_PODFILE_DIR_PATH}/Podfile.lock\" \"${PODS_ROOT}/Manifest.lock\" > /dev/null\nif [ $? != 0 ] ; then\n    # print error to STDERR\n    echo \"error: The sandbox is not in sync with the Podfile.lock. Run 'pod install' or update your CocoaPods installation.\" >&2\n    exit 1\nfi\n# This output is used by Xcode 'outputs' to avoid re-running this script phase.\necho \"SUCCESS\" > \"${SCRIPT_OUTPUT_FILE_0}\"\n";
			showEnvVarsInLog = 0;
		};
		7D760E86836717F8C361151A /* [CP] Embed Pods Frameworks */ = {
			isa = PBXShellScriptBuildPhase;
			buildActionMask = 2147483647;
			files = (
			);
			inputFileListPaths = (
				"${PODS_ROOT}/Target Support Files/Pods-Pokedex/Pods-Pokedex-frameworks-${CONFIGURATION}-input-files.xcfilelist",
			);
			name = "[CP] Embed Pods Frameworks";
			outputFileListPaths = (
				"${PODS_ROOT}/Target Support Files/Pods-Pokedex/Pods-Pokedex-frameworks-${CONFIGURATION}-output-files.xcfilelist",
			);
			runOnlyForDeploymentPostprocessing = 0;
			shellPath = /bin/sh;
			shellScript = "\"${PODS_ROOT}/Target Support Files/Pods-Pokedex/Pods-Pokedex-frameworks.sh\"\n";
			showEnvVarsInLog = 0;
		};
		B6F9FF81C3259110B4B7DAD6 /* [CP] Embed Pods Frameworks */ = {
			isa = PBXShellScriptBuildPhase;
			buildActionMask = 2147483647;
			files = (
			);
			inputFileListPaths = (
				"${PODS_ROOT}/Target Support Files/Pods-PokedexTests/Pods-PokedexTests-frameworks-${CONFIGURATION}-input-files.xcfilelist",
			);
			name = "[CP] Embed Pods Frameworks";
			outputFileListPaths = (
				"${PODS_ROOT}/Target Support Files/Pods-PokedexTests/Pods-PokedexTests-frameworks-${CONFIGURATION}-output-files.xcfilelist",
			);
			runOnlyForDeploymentPostprocessing = 0;
			shellPath = /bin/sh;
			shellScript = "\"${PODS_ROOT}/Target Support Files/Pods-PokedexTests/Pods-PokedexTests-frameworks.sh\"\n";
			showEnvVarsInLog = 0;
		};
/* End PBXShellScriptBuildPhase section */

/* Begin PBXSourcesBuildPhase section */
		A1597A802526FDBB0026BCD7 /* Sources */ = {
			isa = PBXSourcesBuildPhase;
			buildActionMask = 2147483647;
			files = (
				A1597ACD252703180026BCD7 /* PokemonCollectionViewController.swift in Sources */,
				A1597ACF252703180026BCD7 /* PokemonCollectionViewFlowLayout.swift in Sources */,
				A1597A882526FDBB0026BCD7 /* AppDelegate.swift in Sources */,
				A1597ACE252703180026BCD7 /* PokemonCollectionViewCell.swift in Sources */,
				A1597A8A2526FDBB0026BCD7 /* SceneDelegate.swift in Sources */,
				A1597AD0252703180026BCD7 /* MainWindowFactory.swift in Sources */,
				32DC9F131B968EDFC8D4D6AB /* Pokemon.swift in Sources */,
				32DC90E5A2CA61DEF846CE7A /* PokemonList.swift in Sources */,
				32DC9BDB155E531B17373F90 /* DBPokemonCatcher.swift in Sources */,
				32DC99C41A07BC59369C5081 /* PokemonCatcher.swift in Sources */,
				32DC964B43EA517205A9AF14 /* RemotePokemonCatcher.swift in Sources */,
				32DC9426D77014501A2EDF63 /* DBPokemonSaver.swift in Sources */,
				32DC95DD38471E7F15BC2F8B /* DBEntities.swift in Sources */,
				32DC95750029F69AB867B2A4 /* PokemonCollectionViewControllerFactory.swift in Sources */,
				32DC94F7FFC0AF21FFA81F05 /* DBFactory.swift in Sources */,
				32DC91F086A24C3F8E996D4E /* ViewModelsConverter.swift in Sources */,
				32DC98D2D2695B65A9EB9B22 /* DetailViewController.swift in Sources */,
				32DC9E9B6E4DE39530898979 /* CellViewModel.swift in Sources */,
				32DC9C26758CC3AAC775083A /* CollectionViewModel.swift in Sources */,
				32DC9CA2C97C00C12641FE92 /* DetailViewModel.swift in Sources */,
				32DC90044C201EA2A30BE9C3 /* DetailCellViewModel.swift in Sources */,
				32DC9128312AB309989A109F /* DetailCollectionViewFlowLayout.swift in Sources */,
				32DC96D77C117BCB0190A525 /* ImageCollectionViewCell.swift in Sources */,
				32DC96660F50F6A11C4B9656 /* DataDownloader.swift in Sources */,
				32DC99D537DABF4D6841ADE3 /* RemoteDataDownloader.swift in Sources */,
				32DC9D41DCB106EF5543F2ED /* DetailViewControllerFactory.swift in Sources */,
				32DC94469BC027639EECB1D1 /* DBPokemonUpdater.swift in Sources */,
				32DC9572C8C913AA9026FBF1 /* SpritesType.swift in Sources */,
				32DC9D4F4566B72586A74B25 /* SpritesLoader.swift in Sources */,
				32DC93B96F9E8E5DDF3BDD99 /* SpritesDownloader.swift in Sources */,
			);
			runOnlyForDeploymentPostprocessing = 0;
		};
		A1597A962526FDBF0026BCD7 /* Sources */ = {
			isa = PBXSourcesBuildPhase;
			buildActionMask = 2147483647;
			files = (
				A1597ADE252703360026BCD7 /* PokemonCollectionViewControllerTests.swift in Sources */,
				A1597ADD252703360026BCD7 /* PokemonCollectionViewCellTests.swift in Sources */,
				A1597ADF252703360026BCD7 /* PokemonCollectionViewFlowLayoutTests.swift in Sources */,
				A1597AE0252703360026BCD7 /* MainWindowFactoryTests.swift in Sources */,
				32DC9C5FDDA2AE196BE21EB5 /* UIAlertController+TapAction.swift in Sources */,
				32DC9B8800C7A606824C7DC9 /* XCTestCase+DummyError.swift in Sources */,
				32DC966715EE4A6200D6E2E5 /* NSError+DummyError.swift in Sources */,
				32DC95C62A431ADA49806AC7 /* UIImage+Resource.swift in Sources */,
				32DC91DF3EA2130124290BD2 /* DBPokemonCatcherTests.swift in Sources */,
				32DC9A6803F2EB2AF9C98134 /* DBPokemonSaverTests.swift in Sources */,
				32DC914895E01E76CB0BF40D /* RealmTestCase.swift in Sources */,
				32DC9072C4508104BDA11202 /* DBFactoryTests.swift in Sources */,
				32DC9B6FE27FCC68167A57A0 /* ViewModelsConverterTests.swift in Sources */,
				32DC951E26CB95CC5A0D235D /* DataFixture.swift in Sources */,
				32DC9E8FC9D35D7CD94C3E92 /* PokemonFixtures.swift in Sources */,
				32DC96EC45360E7644FF6BDC /* DetailViewControllerTests.swift in Sources */,
				32DC942A7CDCD59A7F6EB845 /* XCTestCase+AvailableVersion.swift in Sources */,
				32DC95617DFBA74976AAD6AE /* DetailCollectionViewFlowLayoutTests.swift in Sources */,
				32DC9E6DE1ED7C6BEAEC9FF8 /* ImageCollectionViewCellTests.swift in Sources */,
				A1F82BC9252DB9E400E060B1 /* DetailViewModelTests.swift in Sources */,
				A1F82BCD252DC01400E060B1 /* XCTest+ImageEqualToData.swift in Sources */,
				32DC920E6AE268F42BC9389F /* CollectionViewModelTests.swift in Sources */,
				32DC99D3C66E8F0AB5407401 /* DummyDataDownloader.swift in Sources */,
				32DC9DB425C1C0E1BDDD8F2A /* DummyPokemonCatcher.swift in Sources */,
				32DC9C0D5FBCEFB1E4D58860 /* PokemonCatcherSpy.swift in Sources */,
				32DC9E6B2EF16C443DA4135A /* XCTAssert+Sprites.swift in Sources */,
				32DC9333291401BF3770309F /* DummySpritesLoader.swift in Sources */,
			);
			runOnlyForDeploymentPostprocessing = 0;
		};
/* End PBXSourcesBuildPhase section */

/* Begin PBXTargetDependency section */
		A1597A9C2526FDBF0026BCD7 /* PBXTargetDependency */ = {
			isa = PBXTargetDependency;
			target = A1597A832526FDBB0026BCD7 /* Pokedex */;
			targetProxy = A1597A9B2526FDBF0026BCD7 /* PBXContainerItemProxy */;
		};
/* End PBXTargetDependency section */

/* Begin PBXVariantGroup section */
		A1597AE7252703DF0026BCD7 /* LaunchScreen.storyboard */ = {
			isa = PBXVariantGroup;
			children = (
				A1597AE8252703DF0026BCD7 /* Base */,
			);
			name = LaunchScreen.storyboard;
			sourceTree = "<group>";
		};
/* End PBXVariantGroup section */

/* Begin XCBuildConfiguration section */
		A1597AAC2526FDBF0026BCD7 /* Debug */ = {
			isa = XCBuildConfiguration;
			buildSettings = {
				ALWAYS_SEARCH_USER_PATHS = NO;
				CLANG_ANALYZER_NONNULL = YES;
				CLANG_ANALYZER_NUMBER_OBJECT_CONVERSION = YES_AGGRESSIVE;
				CLANG_CXX_LANGUAGE_STANDARD = "gnu++14";
				CLANG_CXX_LIBRARY = "libc++";
				CLANG_ENABLE_MODULES = YES;
				CLANG_ENABLE_OBJC_ARC = YES;
				CLANG_ENABLE_OBJC_WEAK = YES;
				CLANG_WARN_BLOCK_CAPTURE_AUTORELEASING = YES;
				CLANG_WARN_BOOL_CONVERSION = YES;
				CLANG_WARN_COMMA = YES;
				CLANG_WARN_CONSTANT_CONVERSION = YES;
				CLANG_WARN_DEPRECATED_OBJC_IMPLEMENTATIONS = YES;
				CLANG_WARN_DIRECT_OBJC_ISA_USAGE = YES_ERROR;
				CLANG_WARN_DOCUMENTATION_COMMENTS = YES;
				CLANG_WARN_EMPTY_BODY = YES;
				CLANG_WARN_ENUM_CONVERSION = YES;
				CLANG_WARN_INFINITE_RECURSION = YES;
				CLANG_WARN_INT_CONVERSION = YES;
				CLANG_WARN_NON_LITERAL_NULL_CONVERSION = YES;
				CLANG_WARN_OBJC_IMPLICIT_RETAIN_SELF = YES;
				CLANG_WARN_OBJC_LITERAL_CONVERSION = YES;
				CLANG_WARN_OBJC_ROOT_CLASS = YES_ERROR;
				CLANG_WARN_QUOTED_INCLUDE_IN_FRAMEWORK_HEADER = YES;
				CLANG_WARN_RANGE_LOOP_ANALYSIS = YES;
				CLANG_WARN_STRICT_PROTOTYPES = YES;
				CLANG_WARN_SUSPICIOUS_MOVE = YES;
				CLANG_WARN_UNGUARDED_AVAILABILITY = YES_AGGRESSIVE;
				CLANG_WARN_UNREACHABLE_CODE = YES;
				CLANG_WARN__DUPLICATE_METHOD_MATCH = YES;
				COPY_PHASE_STRIP = NO;
				DEBUG_INFORMATION_FORMAT = dwarf;
				ENABLE_STRICT_OBJC_MSGSEND = YES;
				ENABLE_TESTABILITY = YES;
				GCC_C_LANGUAGE_STANDARD = gnu11;
				GCC_DYNAMIC_NO_PIC = NO;
				GCC_NO_COMMON_BLOCKS = YES;
				GCC_OPTIMIZATION_LEVEL = 0;
				GCC_PREPROCESSOR_DEFINITIONS = (
					"DEBUG=1",
					"$(inherited)",
				);
				GCC_WARN_64_TO_32_BIT_CONVERSION = YES;
				GCC_WARN_ABOUT_RETURN_TYPE = YES_ERROR;
				GCC_WARN_UNDECLARED_SELECTOR = YES;
				GCC_WARN_UNINITIALIZED_AUTOS = YES_AGGRESSIVE;
				GCC_WARN_UNUSED_FUNCTION = YES;
				GCC_WARN_UNUSED_VARIABLE = YES;
				IPHONEOS_DEPLOYMENT_TARGET = 14.0;
				MTL_ENABLE_DEBUG_INFO = INCLUDE_SOURCE;
				MTL_FAST_MATH = YES;
				ONLY_ACTIVE_ARCH = YES;
				SDKROOT = iphoneos;
				SWIFT_ACTIVE_COMPILATION_CONDITIONS = DEBUG;
				SWIFT_OPTIMIZATION_LEVEL = "-Onone";
			};
			name = Debug;
		};
		A1597AAD2526FDBF0026BCD7 /* Release */ = {
			isa = XCBuildConfiguration;
			buildSettings = {
				ALWAYS_SEARCH_USER_PATHS = NO;
				CLANG_ANALYZER_NONNULL = YES;
				CLANG_ANALYZER_NUMBER_OBJECT_CONVERSION = YES_AGGRESSIVE;
				CLANG_CXX_LANGUAGE_STANDARD = "gnu++14";
				CLANG_CXX_LIBRARY = "libc++";
				CLANG_ENABLE_MODULES = YES;
				CLANG_ENABLE_OBJC_ARC = YES;
				CLANG_ENABLE_OBJC_WEAK = YES;
				CLANG_WARN_BLOCK_CAPTURE_AUTORELEASING = YES;
				CLANG_WARN_BOOL_CONVERSION = YES;
				CLANG_WARN_COMMA = YES;
				CLANG_WARN_CONSTANT_CONVERSION = YES;
				CLANG_WARN_DEPRECATED_OBJC_IMPLEMENTATIONS = YES;
				CLANG_WARN_DIRECT_OBJC_ISA_USAGE = YES_ERROR;
				CLANG_WARN_DOCUMENTATION_COMMENTS = YES;
				CLANG_WARN_EMPTY_BODY = YES;
				CLANG_WARN_ENUM_CONVERSION = YES;
				CLANG_WARN_INFINITE_RECURSION = YES;
				CLANG_WARN_INT_CONVERSION = YES;
				CLANG_WARN_NON_LITERAL_NULL_CONVERSION = YES;
				CLANG_WARN_OBJC_IMPLICIT_RETAIN_SELF = YES;
				CLANG_WARN_OBJC_LITERAL_CONVERSION = YES;
				CLANG_WARN_OBJC_ROOT_CLASS = YES_ERROR;
				CLANG_WARN_QUOTED_INCLUDE_IN_FRAMEWORK_HEADER = YES;
				CLANG_WARN_RANGE_LOOP_ANALYSIS = YES;
				CLANG_WARN_STRICT_PROTOTYPES = YES;
				CLANG_WARN_SUSPICIOUS_MOVE = YES;
				CLANG_WARN_UNGUARDED_AVAILABILITY = YES_AGGRESSIVE;
				CLANG_WARN_UNREACHABLE_CODE = YES;
				CLANG_WARN__DUPLICATE_METHOD_MATCH = YES;
				COPY_PHASE_STRIP = NO;
				DEBUG_INFORMATION_FORMAT = "dwarf-with-dsym";
				ENABLE_NS_ASSERTIONS = NO;
				ENABLE_STRICT_OBJC_MSGSEND = YES;
				GCC_C_LANGUAGE_STANDARD = gnu11;
				GCC_NO_COMMON_BLOCKS = YES;
				GCC_WARN_64_TO_32_BIT_CONVERSION = YES;
				GCC_WARN_ABOUT_RETURN_TYPE = YES_ERROR;
				GCC_WARN_UNDECLARED_SELECTOR = YES;
				GCC_WARN_UNINITIALIZED_AUTOS = YES_AGGRESSIVE;
				GCC_WARN_UNUSED_FUNCTION = YES;
				GCC_WARN_UNUSED_VARIABLE = YES;
				IPHONEOS_DEPLOYMENT_TARGET = 14.0;
				MTL_ENABLE_DEBUG_INFO = NO;
				MTL_FAST_MATH = YES;
				SDKROOT = iphoneos;
				SWIFT_COMPILATION_MODE = wholemodule;
				SWIFT_OPTIMIZATION_LEVEL = "-O";
				VALIDATE_PRODUCT = YES;
			};
			name = Release;
		};
		A1597AAF2526FDBF0026BCD7 /* Debug */ = {
			isa = XCBuildConfiguration;
			baseConfigurationReference = 989255653DB88A2990E0F92D /* Pods-Pokedex.debug.xcconfig */;
			buildSettings = {
				ASSETCATALOG_COMPILER_APPICON_NAME = AppIcon;
				ASSETCATALOG_COMPILER_GLOBAL_ACCENT_COLOR_NAME = AccentColor;
				CODE_SIGN_STYLE = Automatic;
				INFOPLIST_FILE = Pokedex/Info.plist;
				IPHONEOS_DEPLOYMENT_TARGET = 11.0;
				LD_RUNPATH_SEARCH_PATHS = (
					"$(inherited)",
					"@executable_path/Frameworks",
				);
				PRODUCT_BUNDLE_IDENTIFIER = com.lukluca.Pokedex;
				PRODUCT_NAME = "$(TARGET_NAME)";
				SWIFT_VERSION = 5.0;
				TARGETED_DEVICE_FAMILY = "1,2";
			};
			name = Debug;
		};
		A1597AB02526FDBF0026BCD7 /* Release */ = {
			isa = XCBuildConfiguration;
			baseConfigurationReference = 4724AC0F08EA749F84B34AAE /* Pods-Pokedex.release.xcconfig */;
			buildSettings = {
				ASSETCATALOG_COMPILER_APPICON_NAME = AppIcon;
				ASSETCATALOG_COMPILER_GLOBAL_ACCENT_COLOR_NAME = AccentColor;
				CODE_SIGN_STYLE = Automatic;
				INFOPLIST_FILE = Pokedex/Info.plist;
				IPHONEOS_DEPLOYMENT_TARGET = 11.0;
				LD_RUNPATH_SEARCH_PATHS = (
					"$(inherited)",
					"@executable_path/Frameworks",
				);
				PRODUCT_BUNDLE_IDENTIFIER = com.lukluca.Pokedex;
				PRODUCT_NAME = "$(TARGET_NAME)";
				SWIFT_VERSION = 5.0;
				TARGETED_DEVICE_FAMILY = "1,2";
			};
			name = Release;
		};
		A1597AB22526FDBF0026BCD7 /* Debug */ = {
			isa = XCBuildConfiguration;
			baseConfigurationReference = 54BF42F65E08ED1891F66E47 /* Pods-PokedexTests.debug.xcconfig */;
			buildSettings = {
				BUNDLE_LOADER = "$(TEST_HOST)";
				CODE_SIGN_STYLE = Automatic;
				INFOPLIST_FILE = PokedexTests/Info.plist;
				IPHONEOS_DEPLOYMENT_TARGET = 11.0;
				LD_RUNPATH_SEARCH_PATHS = (
					"$(inherited)",
					"@executable_path/Frameworks",
					"@loader_path/Frameworks",
				);
				PRODUCT_BUNDLE_IDENTIFIER = com.lukluca.PokedexTests;
				PRODUCT_NAME = "$(TARGET_NAME)";
				SWIFT_VERSION = 5.0;
				TARGETED_DEVICE_FAMILY = "1,2";
				TEST_HOST = "$(BUILT_PRODUCTS_DIR)/Pokedex.app/Pokedex";
			};
			name = Debug;
		};
		A1597AB32526FDBF0026BCD7 /* Release */ = {
			isa = XCBuildConfiguration;
			baseConfigurationReference = 67FA8486DF031185A1BCF93D /* Pods-PokedexTests.release.xcconfig */;
			buildSettings = {
				BUNDLE_LOADER = "$(TEST_HOST)";
				CODE_SIGN_STYLE = Automatic;
				INFOPLIST_FILE = PokedexTests/Info.plist;
				IPHONEOS_DEPLOYMENT_TARGET = 11.0;
				LD_RUNPATH_SEARCH_PATHS = (
					"$(inherited)",
					"@executable_path/Frameworks",
					"@loader_path/Frameworks",
				);
				PRODUCT_BUNDLE_IDENTIFIER = com.lukluca.PokedexTests;
				PRODUCT_NAME = "$(TARGET_NAME)";
				SWIFT_VERSION = 5.0;
				TARGETED_DEVICE_FAMILY = "1,2";
				TEST_HOST = "$(BUILT_PRODUCTS_DIR)/Pokedex.app/Pokedex";
			};
			name = Release;
		};
/* End XCBuildConfiguration section */

/* Begin XCConfigurationList section */
		A1597A7F2526FDBB0026BCD7 /* Build configuration list for PBXProject "Pokedex" */ = {
			isa = XCConfigurationList;
			buildConfigurations = (
				A1597AAC2526FDBF0026BCD7 /* Debug */,
				A1597AAD2526FDBF0026BCD7 /* Release */,
			);
			defaultConfigurationIsVisible = 0;
			defaultConfigurationName = Release;
		};
		A1597AAE2526FDBF0026BCD7 /* Build configuration list for PBXNativeTarget "Pokedex" */ = {
			isa = XCConfigurationList;
			buildConfigurations = (
				A1597AAF2526FDBF0026BCD7 /* Debug */,
				A1597AB02526FDBF0026BCD7 /* Release */,
			);
			defaultConfigurationIsVisible = 0;
			defaultConfigurationName = Release;
		};
		A1597AB12526FDBF0026BCD7 /* Build configuration list for PBXNativeTarget "PokedexTests" */ = {
			isa = XCConfigurationList;
			buildConfigurations = (
				A1597AB22526FDBF0026BCD7 /* Debug */,
				A1597AB32526FDBF0026BCD7 /* Release */,
			);
			defaultConfigurationIsVisible = 0;
			defaultConfigurationName = Release;
		};
/* End XCConfigurationList section */
	};
	rootObject = A1597A7C2526FDBB0026BCD7 /* Project object */;
}
